
Microsoft Visual Studio Solution File, Format Version 12.00
# Visual Studio Version 17
VisualStudioVersion = 17.0.32112.339
MinimumVisualStudioVersion = 10.0.40219.1
Project("{9A19103F-16F7-4668-BE54-9A1E7A4F7556}") = "CoreDemo", "CoreDemo\CoreDemo.csproj", "{7E0BEA6E-FB29-4443-849C-A6A04D732577}"
EndProject
Project("{9A19103F-16F7-4668-BE54-9A1E7A4F7556}") = "EntityLayer", "EntityLayer\EntityLayer.csproj", "{AA79B755-4601-489E-9AC0-0D5FFD908826}"
EndProject
Project("{9A19103F-16F7-4668-BE54-9A1E7A4F7556}") = "DataAccessLayer", "DataAccessLayer\DataAccessLayer.csproj", "{2A7F508C-0BF8-4817-AEFD-CFE618E07B6A}"
EndProject
Project("{9A19103F-16F7-4668-BE54-9A1E7A4F7556}") = "BusinessLayer", "BusinessLayer\BusinessLayer.csproj", "{54D0BDFC-F0C8-487F-A70E-51038BD8E867}"
EndProject
Project("{9A19103F-16F7-4668-BE54-9A1E7A4F7556}") = "CoreLayer", "CoreLayer\CoreLayer.csproj", "{3340BAD4-60C9-47D1-9C28-5CA71A90C812}"
EndProject
Project("{FAE04EC0-301F-11D3-BF4B-00C04F79EFBC}") = "BlogApiDemo", "BlogApiDemo\BlogApiDemo.csproj", "{B931E505-64C7-45DA-8808-C2300C1A9960}"
EndProject
Global
	GlobalSection(SolutionConfigurationPlatforms) = preSolution
		Debug|Any CPU = Debug|Any CPU
		Release|Any CPU = Release|Any CPU
	EndGlobalSection
	GlobalSection(ProjectConfigurationPlatforms) = postSolution
		{7E0BEA6E-FB29-4443-849C-A6A04D732577}.Debug|Any CPU.ActiveCfg = Debug|Any CPU
		{7E0BEA6E-FB29-4443-849C-A6A04D732577}.Debug|Any CPU.Build.0 = Debug|Any CPU
		{7E0BEA6E-FB29-4443-849C-A6A04D732577}.Release|Any CPU.ActiveCfg = Release|Any CPU
		{7E0BEA6E-FB29-4443-849C-A6A04D732577}.Release|Any CPU.Build.0 = Release|Any CPU
		{AA79B755-4601-489E-9AC0-0D5FFD908826}.Debug|Any CPU.ActiveCfg = Debug|Any CPU
		{AA79B755-4601-489E-9AC0-0D5FFD908826}.Debug|Any CPU.Build.0 = Debug|Any CPU
		{AA79B755-4601-489E-9AC0-0D5FFD908826}.Release|Any CPU.ActiveCfg = Release|Any CPU
		{AA79B755-4601-489E-9AC0-0D5FFD908826}.Release|Any CPU.Build.0 = Release|Any CPU
		{2A7F508C-0BF8-4817-AEFD-CFE618E07B6A}.Debug|Any CPU.ActiveCfg = Debug|Any CPU
		{2A7F508C-0BF8-4817-AEFD-CFE618E07B6A}.Debug|Any CPU.Build.0 = Debug|Any CPU
		{2A7F508C-0BF8-4817-AEFD-CFE618E07B6A}.Release|Any CPU.ActiveCfg = Release|Any CPU
		{2A7F508C-0BF8-4817-AEFD-CFE618E07B6A}.Release|Any CPU.Build.0 = Release|Any CPU
		{54D0BDFC-F0C8-487F-A70E-51038BD8E867}.Debug|Any CPU.ActiveCfg = Debug|Any CPU
		{54D0BDFC-F0C8-487F-A70E-51038BD8E867}.Debug|Any CPU.Build.0 = Debug|Any CPU
		{54D0BDFC-F0C8-487F-A70E-51038BD8E867}.Release|Any CPU.ActiveCfg = Release|Any CPU
		{54D0BDFC-F0C8-487F-A70E-51038BD8E867}.Release|Any CPU.Build.0 = Release|Any CPU
		{3340BAD4-60C9-47D1-9C28-5CA71A90C812}.Debug|Any CPU.ActiveCfg = Debug|Any CPU
		{3340BAD4-60C9-47D1-9C28-5CA71A90C812}.Debug|Any CPU.Build.0 = Debug|Any CPU
		{3340BAD4-60C9-47D1-9C28-5CA71A90C812}.Release|Any CPU.ActiveCfg = Release|Any CPU
		{3340BAD4-60C9-47D1-9C28-5CA71A90C812}.Release|Any CPU.Build.0 = Release|Any CPU
		{B931E505-64C7-45DA-8808-C2300C1A9960}.Debug|Any CPU.ActiveCfg = Debug|Any CPU
		{B931E505-64C7-45DA-8808-C2300C1A9960}.Debug|Any CPU.Build.0 = Debug|Any CPU
		{B931E505-64C7-45DA-8808-C2300C1A9960}.Release|Any CPU.ActiveCfg = Release|Any CPU
		{B931E505-64C7-45DA-8808-C2300C1A9960}.Release|Any CPU.Build.0 = Release|Any CPU
	EndGlobalSection
	GlobalSection(SolutionProperties) = preSolution
		HideSolutionNode = FALSE
	EndGlobalSection
	GlobalSection(ExtensibilityGlobals) = postSolution
		SolutionGuid = {D6FE267D-196F-4075-852B-0F4CFD7960B6}
	EndGlobalSection
EndGlobal
